
Microsoft Visual Studio Solution File, Format Version 12.00
# Visual Studio Version 16
VisualStudioVersion = 16.0.30114.105
MinimumVisualStudioVersion = 10.0.40219.1
Project("{9A19103F-16F7-4668-BE54-9A1E7A4F7556}") = "ExcelReader", "ExcelReader\ExcelReader.csproj", "{A09185DF-6672-4DDF-99DA-B82BA639F787}"
EndProject
Project("{FAE04EC0-301F-11D3-BF4B-00C04F79EFBC}") = "ExcelReader.Library", "ExcelReader.Library\ExcelReader.Library.csproj", "{FD0E7DFE-D1C8-45DD-BCF7-BFA94DB15569}"
EndProject
Project("{FAE04EC0-301F-11D3-BF4B-00C04F79EFBC}") = "BL", "BL\BL.csproj", "{BA7C968C-A4DE-4035-849A-41C11C68BC0B}"
EndProject
Project("{FAE04EC0-301F-11D3-BF4B-00C04F79EFBC}") = "EF", "EF\EF.csproj", "{9966CEA7-075A-4BBF-90EB-5335F985C040}"
EndProject
Global
	GlobalSection(SolutionConfigurationPlatforms) = preSolution
		Debug|Any CPU = Debug|Any CPU
		Release|Any CPU = Release|Any CPU
	EndGlobalSection
	GlobalSection(ProjectConfigurationPlatforms) = postSolution
		{A09185DF-6672-4DDF-99DA-B82BA639F787}.Debug|Any CPU.ActiveCfg = Debug|Any CPU
		{A09185DF-6672-4DDF-99DA-B82BA639F787}.Debug|Any CPU.Build.0 = Debug|Any CPU
		{A09185DF-6672-4DDF-99DA-B82BA639F787}.Release|Any CPU.ActiveCfg = Release|Any CPU
		{A09185DF-6672-4DDF-99DA-B82BA639F787}.Release|Any CPU.Build.0 = Release|Any CPU
		{FD0E7DFE-D1C8-45DD-BCF7-BFA94DB15569}.Debug|Any CPU.ActiveCfg = Debug|Any CPU
		{FD0E7DFE-D1C8-45DD-BCF7-BFA94DB15569}.Debug|Any CPU.Build.0 = Debug|Any CPU
		{FD0E7DFE-D1C8-45DD-BCF7-BFA94DB15569}.Release|Any CPU.ActiveCfg = Release|Any CPU
		{FD0E7DFE-D1C8-45DD-BCF7-BFA94DB15569}.Release|Any CPU.Build.0 = Release|Any CPU
		{BA7C968C-A4DE-4035-849A-41C11C68BC0B}.Debug|Any CPU.ActiveCfg = Debug|Any CPU
		{BA7C968C-A4DE-4035-849A-41C11C68BC0B}.Debug|Any CPU.Build.0 = Debug|Any CPU
		{BA7C968C-A4DE-4035-849A-41C11C68BC0B}.Release|Any CPU.ActiveCfg = Release|Any CPU
		{BA7C968C-A4DE-4035-849A-41C11C68BC0B}.Release|Any CPU.Build.0 = Release|Any CPU
		{9966CEA7-075A-4BBF-90EB-5335F985C040}.Debug|Any CPU.ActiveCfg = Debug|Any CPU
		{9966CEA7-075A-4BBF-90EB-5335F985C040}.Debug|Any CPU.Build.0 = Debug|Any CPU
		{9966CEA7-075A-4BBF-90EB-5335F985C040}.Release|Any CPU.ActiveCfg = Release|Any CPU
		{9966CEA7-075A-4BBF-90EB-5335F985C040}.Release|Any CPU.Build.0 = Release|Any CPU
	EndGlobalSection
	GlobalSection(SolutionProperties) = preSolution
		HideSolutionNode = FALSE
	EndGlobalSection
	GlobalSection(ExtensibilityGlobals) = postSolution
		SolutionGuid = {EAAA9064-3772-4508-A5C5-D417030E75C7}
	EndGlobalSection
EndGlobal
